{
  "lockfileVersion": 1,
  "dependencies": {
    "digitaledgeit-observable-collection": {
      "version": "0.1.1",
      "resolved": "https://registry.npmjs.org/digitaledgeit-observable-collection/-/digitaledgeit-observable-collection-0.1.1.tgz",
      "integrity": "sha1-+dAQpElLKUVm+n1vd/KudYf2zRc=",
      "dependencies": {
        "component-emitter": {
          "version": "1.2.0",
          "resolved": "https://registry.npmjs.org/component-emitter/-/component-emitter-1.2.0.tgz",
          "integrity": "sha1-zNETqGOI0GSC0D3j/H35hSa6jv4="
        }
      }
    }
  }
}
